%{
  "bandit": {:hex, :bandit, "1.2.2", "569fe5d0efb107c9af37a1e37e25ce2ceec293101a2d4bc512876fc3207192b5", [:mix], [{:hpax, "~> 0.1.1", [hex: :hpax, repo: "hexpm", optional: false]}, {:plug, "~> 1.14", [hex: :plug, repo: "hexpm", optional: false]}, {:telemetry, "~> 0.4 or ~> 1.0", [hex: :telemetry, repo: "hexpm", optional: false]}, {:thousand_island, "~> 1.0", [hex: :thousand_island, repo: "hexpm", optional: false]}, {:websock, "~> 0.5", [hex: :websock, repo: "hexpm", optional: false]}], "hexpm", "2f89adb7281c78d4e75733e0a9e1b24f46f84d2993963d6fa57d0eafadec5f03"},
  "castore": {:hex, :castore, "1.0.5", "9eeebb394cc9a0f3ae56b813459f990abb0a3dedee1be6b27fdb50301930502f", [:mix], [], "hexpm", "8d7c597c3e4a64c395980882d4bca3cebb8d74197c590dc272cfd3b6a6310578"},
  "date_time_parser": {:hex, :date_time_parser, "1.2.0", "3d5a816b91967f51e0f94dcb16a34b2cb780f22cd48931779e81d72f7d3eadb1", [:mix], [{:kday, "~> 1.0", [hex: :kday, repo: "hexpm", optional: false]}], "hexpm", "0cf09ada9f42c0b3bfba02dc0ea2e4b4d2f543d9d2bf99b831a29e6b4a4160e5"},
  "earmark": {:hex, :earmark, "1.4.46", "8c7287bd3137e99d26ae4643e5b7ef2129a260e3dcf41f251750cb4563c8fb81", [:mix], [], "hexpm", "798d86db3d79964e759ddc0c077d5eb254968ed426399fbf5a62de2b5ff8910a"},
  "file_system": {:hex, :file_system, "0.2.10", "fb082005a9cd1711c05b5248710f8826b02d7d1784e7c3451f9c1231d4fc162d", [:mix], [], "hexpm", "41195edbfb562a593726eda3b3e8b103a309b733ad25f3d642ba49696bf715dc"},
  "floki": {:hex, :floki, "0.35.4", "cc947b446024732c07274ac656600c5c4dc014caa1f8fb2dfff93d275b83890d", [:mix], [], "hexpm", "27fa185d3469bd8fc5947ef0f8d5c4e47f0af02eb6b070b63c868f69e3af0204"},
  "hpax": {:hex, :hpax, "0.1.2", "09a75600d9d8bbd064cdd741f21fc06fc1f4cf3d0fcc335e5aa19be1a7235c84", [:mix], [], "hexpm", "2c87843d5a23f5f16748ebe77969880e29809580efdaccd615cd3bed628a8c13"},
  "jason": {:hex, :jason, "1.4.1", "af1504e35f629ddcdd6addb3513c3853991f694921b1b9368b0bd32beb9f1b63", [:mix], [{:decimal, "~> 1.0 or ~> 2.0", [hex: :decimal, repo: "hexpm", optional: true]}], "hexpm", "fbb01ecdfd565b56261302f7e1fcc27c4fb8f32d56eab74db621fc154604a7a1"},
  "kday": {:hex, :kday, "1.0.2", "e96035c439323eeb8505268959122e9d30194a4e5a23a357dc75f1cae696e918", [:mix], [{:ex_doc, "~> 0.21", [hex: :ex_doc, repo: "hexpm", optional: true]}], "hexpm", "f040b9b6de21eea4a96dbf71753f4eeb0772a6ebd6c18cacd114694af7cabc9a"},
  "libgraph": {:hex, :libgraph, "0.16.0", "3936f3eca6ef826e08880230f806bfea13193e49bf153f93edcf0239d4fd1d07", [:mix], [], "hexpm", "41ca92240e8a4138c30a7e06466acc709b0cbb795c643e9e17174a178982d6bf"},
  "makeup": {:hex, :makeup, "1.1.1", "fa0bc768698053b2b3869fa8a62616501ff9d11a562f3ce39580d60860c3a55e", [:mix], [{:nimble_parsec, "~> 1.2.2 or ~> 1.3", [hex: :nimble_parsec, repo: "hexpm", optional: false]}], "hexpm", "5dc62fbdd0de44de194898b6710692490be74baa02d9d108bc29f007783b0b48"},
  "makeup_elixir": {:hex, :makeup_elixir, "0.16.1", "cc9e3ca312f1cfeccc572b37a09980287e243648108384b97ff2b76e505c3555", [:mix], [{:makeup, "~> 1.0", [hex: :makeup, repo: "hexpm", optional: false]}, {:nimble_parsec, "~> 1.2.3 or ~> 1.3", [hex: :nimble_parsec, repo: "hexpm", optional: false]}], "hexpm", "e127a341ad1b209bd80f7bd1620a15693a9908ed780c3b763bccf7d200c767c6"},
  "mdex": {:hex, :mdex, "0.1.13", "5f5ec607084500d875718f4937457af4a9509ae1bac8b74b69319bda6d566881", [:mix], [{:rustler, "~> 0.29", [hex: :rustler, repo: "hexpm", optional: true]}, {:rustler_precompiled, "~> 0.6", [hex: :rustler_precompiled, repo: "hexpm", optional: false]}], "hexpm", "0b248afe39f7019f6dad6e9db3f99a6f3fac2675b829b31883e79ea8f63766f1"},
  "mime": {:hex, :mime, "2.0.5", "dc34c8efd439abe6ae0343edbb8556f4d63f178594894720607772a041b04b02", [:mix], [], "hexpm", "da0d64a365c45bc9935cc5c8a7fc5e49a0e0f9932a761c55d6c52b142780a05c"},
  "nimble_parsec": {:hex, :nimble_parsec, "1.4.0", "51f9b613ea62cfa97b25ccc2c1b4216e81df970acd8e16e8d1bdc58fef21370d", [:mix], [], "hexpm", "9c565862810fb383e9838c1dd2d7d2c437b3d13b267414ba6af33e50d2d1cf28"},
  "nimble_publisher": {:hex, :nimble_publisher, "1.1.0", "49dee0f30536140268996660a5927d0282946949c35c88ccc6da11a19231b4b6", [:mix], [{:earmark, "~> 1.4", [hex: :earmark, repo: "hexpm", optional: false]}, {:makeup, "~> 1.0", [hex: :makeup, repo: "hexpm", optional: false]}], "hexpm", "80fb42d8d1e34f41ff29fc2a1ae6ab86ea7b764b3c2d38e5268a43cf33825782"},
  "phoenix_html": {:hex, :phoenix_html, "3.3.1", "4788757e804a30baac6b3fc9695bf5562465dd3f1da8eb8460ad5b404d9a2178", [:mix], [{:plug, "~> 1.5", [hex: :plug, repo: "hexpm", optional: true]}], "hexpm", "bed1906edd4906a15fd7b412b85b05e521e1f67c9a85418c55999277e553d0d3"},
  "plug": {:hex, :plug, "1.15.3", "712976f504418f6dff0a3e554c40d705a9bcf89a7ccef92fc6a5ef8f16a30a97", [:mix], [{:mime, "~> 1.0 or ~> 2.0", [hex: :mime, repo: "hexpm", optional: false]}, {:plug_crypto, "~> 1.1.1 or ~> 1.2 or ~> 2.0", [hex: :plug_crypto, repo: "hexpm", optional: false]}, {:telemetry, "~> 0.4.3 or ~> 1.0", [hex: :telemetry, repo: "hexpm", optional: false]}], "hexpm", "cc4365a3c010a56af402e0809208873d113e9c38c401cabd88027ef4f5c01fd2"},
  "plug_crypto": {:hex, :plug_crypto, "2.0.0", "77515cc10af06645abbfb5e6ad7a3e9714f805ae118fa1a70205f80d2d70fe73", [:mix], [], "hexpm", "53695bae57cc4e54566d993eb01074e4d894b65a3766f1c43e2c61a1b0f45ea9"},
  "plug_static_index_html": {:hex, :plug_static_index_html, "1.0.0", "840123d4d3975585133485ea86af73cb2600afd7f2a976f9f5fd8b3808e636a0", [:mix], [{:plug, "~> 1.0", [hex: :plug, repo: "hexpm", optional: false]}], "hexpm", "79fd4fcf34d110605c26560cbae8f23c603ec4158c08298bd4360fdea90bb5cf"},
  "rustler": {:hex, :rustler, "0.30.0", "cefc49922132b072853fa9b0ca4dc2ffcb452f68fb73b779042b02d545e097fb", [:mix], [{:jason, "~> 1.0", [hex: :jason, repo: "hexpm", optional: false]}, {:toml, "~> 0.6", [hex: :toml, repo: "hexpm", optional: false]}], "hexpm", "9ef1abb6a7dda35c47cfc649e6a5a61663af6cf842a55814a554a84607dee389"},
  "rustler_precompiled": {:hex, :rustler_precompiled, "0.7.1", "ecadf02cc59a0eccbaed6c1937303a5827fbcf60010c541595e6d3747d3d0f9f", [:mix], [{:castore, "~> 0.1 or ~> 1.0", [hex: :castore, repo: "hexpm", optional: false]}, {:rustler, "~> 0.23", [hex: :rustler, repo: "hexpm", optional: true]}], "hexpm", "b9e4657b99a1483ea31502e1d58c464bedebe9028808eda45c3a429af4550c66"},
  "schematic": {:hex, :schematic, "0.3.1", "be633c1472959dc0ace22dd0e1f1445b099991fec39f6d6e5273d35ebd217ac4", [:mix], [{:telemetry, "~> 0.4 or ~> 1.0", [hex: :telemetry, repo: "hexpm", optional: false]}], "hexpm", "52c419b5c405286e2d0369b9ca472b00b850c59a8b0bdf0dd69172ad4418d5ea"},
  "tableau": {:hex, :tableau, "0.14.3", "1f621b7b5eef55c36509411b0445a13f1d752fcd0de624f83782091887dea039", [:mix], [{:bandit, "~> 1.0", [hex: :bandit, repo: "hexpm", optional: false]}, {:date_time_parser, "~> 1.2", [hex: :date_time_parser, repo: "hexpm", optional: false]}, {:floki, "~> 0.34", [hex: :floki, repo: "hexpm", optional: false]}, {:libgraph, "~> 0.16.0", [hex: :libgraph, repo: "hexpm", optional: false]}, {:mdex, "~> 0.1", [hex: :mdex, repo: "hexpm", optional: false]}, {:nimble_publisher, "~> 1.0", [hex: :nimble_publisher, repo: "hexpm", optional: false]}, {:plug_static_index_html, "~> 1.0", [hex: :plug_static_index_html, repo: "hexpm", optional: false]}, {:schematic, "~> 0.3.1", [hex: :schematic, repo: "hexpm", optional: false]}, {:tz, "~> 0.26.2", [hex: :tz, repo: "hexpm", optional: false]}, {:web_dev_utils, "~> 0.1", [hex: :web_dev_utils, repo: "hexpm", optional: false]}, {:websock_adapter, "~> 0.5", [hex: :websock_adapter, repo: "hexpm", optional: false]}, {:xml_builder, "~> 2.1", [hex: :xml_builder, repo: "hexpm", optional: false]}, {:yaml_elixir, "~> 2.9", [hex: :yaml_elixir, repo: "hexpm", optional: false]}], "hexpm", "67e04f374eda5e096e4a3d434d9c70a4c137562e86ba7b04a2c81b985abbf164"},
  "tailwind": {:hex, :tailwind, "0.2.0", "95f9e4a32020c5bec480f1d6a43a49ac8030b13183127b577605f506d6e13a66", [:mix], [{:castore, ">= 0.0.0", [hex: :castore, repo: "hexpm", optional: false]}], "hexpm", "385e939fcd7fe4654be5130b187e358aaabade385513f9d200ffecdbb9552a9e"},
  "telemetry": {:hex, :telemetry, "1.2.1", "68fdfe8d8f05a8428483a97d7aab2f268aaff24b49e0f599faa091f1d4e7f61c", [:rebar3], [], "hexpm", "dad9ce9d8effc621708f99eac538ef1cbe05d6a874dd741de2e689c47feafed5"},
  "temple": {:hex, :temple, "0.12.0", "b50b806e1f1805219f0cbffc9c747c14f138543977fa6c01e74756c3e0daaa25", [:mix], [{:floki, ">= 0.0.0", [hex: :floki, repo: "hexpm", optional: false]}, {:phoenix_html, "~> 3.2", [hex: :phoenix_html, repo: "hexpm", optional: false]}, {:typed_struct, "~> 0.3", [hex: :typed_struct, repo: "hexpm", optional: false]}], "hexpm", "0d006e850bf21f6684fa0ee52ceeb2f8516bb0213bd003f6d38c66880262f8a8"},
  "thousand_island": {:hex, :thousand_island, "1.3.2", "bc27f9afba6e1a676dd36507d42e429935a142cf5ee69b8e3f90bff1383943cd", [:mix], [{:telemetry, "~> 0.4 or ~> 1.0", [hex: :telemetry, repo: "hexpm", optional: false]}], "hexpm", "0e085b93012cd1057b378fce40cbfbf381ff6d957a382bfdd5eca1a98eec2535"},
  "toml": {:hex, :toml, "0.7.0", "fbcd773caa937d0c7a02c301a1feea25612720ac3fa1ccb8bfd9d30d822911de", [:mix], [], "hexpm", "0690246a2478c1defd100b0c9b89b4ea280a22be9a7b313a8a058a2408a2fa70"},
  "typed_struct": {:hex, :typed_struct, "0.3.0", "939789e3c1dca39d7170c87f729127469d1315dcf99fee8e152bb774b17e7ff7", [:mix], [], "hexpm", "c50bd5c3a61fe4e198a8504f939be3d3c85903b382bde4865579bc23111d1b6d"},
  "tz": {:hex, :tz, "0.26.5", "bfe8efa345670f90351c5c31d22455d0307c5d9895fbdede7deeb215a7b60dbe", [:mix], [{:castore, "~> 0.1 or ~> 1.0", [hex: :castore, repo: "hexpm", optional: true]}, {:mint, "~> 1.5", [hex: :mint, repo: "hexpm", optional: true]}], "hexpm", "c4f9392d710582c7108b6b8c635f4981120ec4b2072adbd242290fc842338183"},
  "web_dev_utils": {:hex, :web_dev_utils, "0.1.0", "0c41285667b4c9944eaa2c3189f22ec3a915c349c4b879b5ae023e8ca0824657", [:mix], [{:file_system, "~> 0.2", [hex: :file_system, repo: "hexpm", optional: false]}], "hexpm", "af82e1723fe76c09d817a9a9baf85160f7ed572cb4af854194d3f7609ae92f10"},
  "websock": {:hex, :websock, "0.5.3", "2f69a6ebe810328555b6fe5c831a851f485e303a7c8ce6c5f675abeb20ebdadc", [:mix], [], "hexpm", "6105453d7fac22c712ad66fab1d45abdf049868f253cf719b625151460b8b453"},
  "websock_adapter": {:hex, :websock_adapter, "0.5.5", "9dfeee8269b27e958a65b3e235b7e447769f66b5b5925385f5a569269164a210", [:mix], [{:bandit, ">= 0.6.0", [hex: :bandit, repo: "hexpm", optional: true]}, {:plug, "~> 1.14", [hex: :plug, repo: "hexpm", optional: false]}, {:plug_cowboy, "~> 2.6", [hex: :plug_cowboy, repo: "hexpm", optional: true]}, {:websock, "~> 0.5", [hex: :websock, repo: "hexpm", optional: false]}], "hexpm", "4b977ba4a01918acbf77045ff88de7f6972c2a009213c515a445c48f224ffce9"},
  "xml_builder": {:hex, :xml_builder, "2.2.0", "cc5f1eeefcfcde6e90a9b77fb6c490a20bc1b856a7010ce6396f6da9719cbbab", [:mix], [], "hexpm", "9d66d52fb917565d358166a4314078d39ef04d552904de96f8e73f68f64a62c9"},
  "yamerl": {:hex, :yamerl, "0.10.0", "4ff81fee2f1f6a46f1700c0d880b24d193ddb74bd14ef42cb0bcf46e81ef2f8e", [:rebar3], [], "hexpm", "346adb2963f1051dc837a2364e4acf6eb7d80097c0f53cbdc3046ec8ec4b4e6e"},
  "yaml_elixir": {:hex, :yaml_elixir, "2.9.0", "9a256da867b37b8d2c1ffd5d9de373a4fda77a32a45b452f1708508ba7bbcb53", [:mix], [{:yamerl, "~> 0.10", [hex: :yamerl, repo: "hexpm", optional: false]}], "hexpm", "0cb0e7d4c56f5e99a6253ed1a670ed0e39c13fc45a6da054033928607ac08dfc"},
}
